
Microsoft Visual Studio Solution File, Format Version 12.00
# Visual Studio Version 17
VisualStudioVersion = 17.0.31903.59
MinimumVisualStudioVersion = 10.0.40219.1
Project("{FAE04EC0-301F-11D3-BF4B-00C04F79EFBC}") = "Portal", "Portal\Portal.csproj", "{07F3BC50-C88D-4176-95AC-8F3AC8A71E54}"
EndProject
Project("{FAE04EC0-301F-11D3-BF4B-00C04F79EFBC}") = "BOL", "BOL\BOL.csproj", "{D1A3B0B6-BECD-4E95-9051-0F2D300DBBEF}"
EndProject
Project("{FAE04EC0-301F-11D3-BF4B-00C04F79EFBC}") = "BLL", "BLL\BLL.csproj", "{4D500697-89D8-4D81-8834-FBD272889550}"
EndProject
Project("{FAE04EC0-301F-11D3-BF4B-00C04F79EFBC}") = "DAL", "DAL\DAL.csproj", "{FA1537C6-3B4B-4436-9265-E6262AED55AD}"
EndProject
Global
	GlobalSection(SolutionConfigurationPlatforms) = preSolution
		Debug|Any CPU = Debug|Any CPU
		Release|Any CPU = Release|Any CPU
	EndGlobalSection
	GlobalSection(SolutionProperties) = preSolution
		HideSolutionNode = FALSE
	EndGlobalSection
	GlobalSection(ProjectConfigurationPlatforms) = postSolution
		{07F3BC50-C88D-4176-95AC-8F3AC8A71E54}.Debug|Any CPU.ActiveCfg = Debug|Any CPU
		{07F3BC50-C88D-4176-95AC-8F3AC8A71E54}.Debug|Any CPU.Build.0 = Debug|Any CPU
		{07F3BC50-C88D-4176-95AC-8F3AC8A71E54}.Release|Any CPU.ActiveCfg = Release|Any CPU
		{07F3BC50-C88D-4176-95AC-8F3AC8A71E54}.Release|Any CPU.Build.0 = Release|Any CPU
		{D1A3B0B6-BECD-4E95-9051-0F2D300DBBEF}.Debug|Any CPU.ActiveCfg = Debug|Any CPU
		{D1A3B0B6-BECD-4E95-9051-0F2D300DBBEF}.Debug|Any CPU.Build.0 = Debug|Any CPU
		{D1A3B0B6-BECD-4E95-9051-0F2D300DBBEF}.Release|Any CPU.ActiveCfg = Release|Any CPU
		{D1A3B0B6-BECD-4E95-9051-0F2D300DBBEF}.Release|Any CPU.Build.0 = Release|Any CPU
		{4D500697-89D8-4D81-8834-FBD272889550}.Debug|Any CPU.ActiveCfg = Debug|Any CPU
		{4D500697-89D8-4D81-8834-FBD272889550}.Debug|Any CPU.Build.0 = Debug|Any CPU
		{4D500697-89D8-4D81-8834-FBD272889550}.Release|Any CPU.ActiveCfg = Release|Any CPU
		{4D500697-89D8-4D81-8834-FBD272889550}.Release|Any CPU.Build.0 = Release|Any CPU
		{FA1537C6-3B4B-4436-9265-E6262AED55AD}.Debug|Any CPU.ActiveCfg = Debug|Any CPU
		{FA1537C6-3B4B-4436-9265-E6262AED55AD}.Debug|Any CPU.Build.0 = Debug|Any CPU
		{FA1537C6-3B4B-4436-9265-E6262AED55AD}.Release|Any CPU.ActiveCfg = Release|Any CPU
		{FA1537C6-3B4B-4436-9265-E6262AED55AD}.Release|Any CPU.Build.0 = Release|Any CPU
	EndGlobalSection
EndGlobal
